{
  "name": "js",
  "lockfileVersion": 2,
  "requires": true,
  "packages": {
    "": {
      "dependencies": {
        "tinymce": "^5.8.0",
        "tinymce-i18n": "^20.12.25"
      }
    },
    "node_modules/tinymce": {
      "version": "5.8.0",
      "resolved": "https://registry.npmjs.org/tinymce/-/tinymce-5.8.0.tgz",
      "integrity": "sha512-1bOI3k+1D76rVjAJC3XkHezXJVghurnKBDREF1STHBLTQUY17XTbaDNJUxNgJqJHa2xg1udd5I1bzdfSd77DGw=="
    },
    "node_modules/tinymce-i18n": {
      "version": "20.12.25",
      "resolved": "https://registry.npmjs.org/tinymce-i18n/-/tinymce-i18n-20.12.25.tgz",
      "integrity": "sha512-MOVCgGbkZ2ZVvb9B38Mbdhwam1oZOBXDkxmzcHX3W7c3RCB8r4VG9DS8+4BcsoCCgfUg1JXwh2Hk+7aXcYXkkg=="
    }
  },
  "dependencies": {
    "tinymce": {
      "version": "5.8.0",
      "resolved": "https://registry.npmjs.org/tinymce/-/tinymce-5.8.0.tgz",
      "integrity": "sha512-1bOI3k+1D76rVjAJC3XkHezXJVghurnKBDREF1STHBLTQUY17XTbaDNJUxNgJqJHa2xg1udd5I1bzdfSd77DGw=="
    },
    "tinymce-i18n": {
      "version": "20.12.25",
      "resolved": "https://registry.npmjs.org/tinymce-i18n/-/tinymce-i18n-20.12.25.tgz",
      "integrity": "sha512-MOVCgGbkZ2ZVvb9B38Mbdhwam1oZOBXDkxmzcHX3W7c3RCB8r4VG9DS8+4BcsoCCgfUg1JXwh2Hk+7aXcYXkkg=="
    }
  }
}
