{
  "requires": true,
  "lockfileVersion": 1,
  "dependencies": {
    "tinymce": {
      "version": "5.1.2",
      "resolved": "https://registry.npmjs.org/tinymce/-/tinymce-5.1.2.tgz",
      "integrity": "sha512-P61Odc3O2IDvC1qBmd7xkh1uRDKtfn8YNvh3sone84H9/W527HNbATbXpin/ewzZHxhw67hKRe9FzOBhQzFQig=="
    }
  }
}
